// !$*UTF8*$!
{
	archiveVersion = 1;
	classes = {
	};
	objectVersion = 51;
	objects = {

/* Begin PBXBuildFile section */
		3A07DE8795528C916A5A720F /* Pods_SchoolStop.framework in Frameworks */ = {isa = PBXBuildFile; fileRef = 69F35E82D5DC6354D0563A98 /* Pods_SchoolStop.framework */; };
		4ED2501527FCB09A002278F1 /* RemindersViewController.swift in Sources */ = {isa = PBXBuildFile; fileRef = 4ED2501427FCB09A002278F1 /* RemindersViewController.swift */; };
		4ED8A79F27E0068B00540DA8 /* LoginViewController.swift in Sources */ = {isa = PBXBuildFile; fileRef = 4ED8A79E27E0068B00540DA8 /* LoginViewController.swift */; };
		4EE8736027DFFBC100C00058 /* AppDelegate.swift in Sources */ = {isa = PBXBuildFile; fileRef = 4EE8735F27DFFBC100C00058 /* AppDelegate.swift */; };
		4EE8736227DFFBC100C00058 /* SceneDelegate.swift in Sources */ = {isa = PBXBuildFile; fileRef = 4EE8736127DFFBC100C00058 /* SceneDelegate.swift */; };
		4EE8736727DFFBC100C00058 /* Main.storyboard in Resources */ = {isa = PBXBuildFile; fileRef = 4EE8736527DFFBC100C00058 /* Main.storyboard */; };
		4EE8736927DFFBC400C00058 /* Assets.xcassets in Resources */ = {isa = PBXBuildFile; fileRef = 4EE8736827DFFBC400C00058 /* Assets.xcassets */; };
		4EE8736C27DFFBC400C00058 /* LaunchScreen.storyboard in Resources */ = {isa = PBXBuildFile; fileRef = 4EE8736A27DFFBC400C00058 /* LaunchScreen.storyboard */; };
		4EE8737727DFFBC400C00058 /* SchoolStopTests.swift in Sources */ = {isa = PBXBuildFile; fileRef = 4EE8737627DFFBC400C00058 /* SchoolStopTests.swift */; };
		4EE8738227DFFBC400C00058 /* SchoolStopUITests.swift in Sources */ = {isa = PBXBuildFile; fileRef = 4EE8738127DFFBC400C00058 /* SchoolStopUITests.swift */; };
		BD1CB0749FF097558BA19181 /* Pods_SchoolStop_SchoolStopUITests.framework in Frameworks */ = {isa = PBXBuildFile; fileRef = 1418C05CAA904A9A6242E628 /* Pods_SchoolStop_SchoolStopUITests.framework */; };
		F86508BD90E819FD9A67D06B /* Pods_SchoolStopTests.framework in Frameworks */ = {isa = PBXBuildFile; fileRef = 52B17E095702DC341A4C3A6D /* Pods_SchoolStopTests.framework */; };
/* End PBXBuildFile section */

/* Begin PBXContainerItemProxy section */
		4EE8737327DFFBC400C00058 /* PBXContainerItemProxy */ = {
			isa = PBXContainerItemProxy;
			containerPortal = 4EE8735427DFFBC100C00058 /* Project object */;
			proxyType = 1;
			remoteGlobalIDString = 4EE8735B27DFFBC100C00058;
			remoteInfo = SchoolStop;
		};
		4EE8737E27DFFBC400C00058 /* PBXContainerItemProxy */ = {
			isa = PBXContainerItemProxy;
			containerPortal = 4EE8735427DFFBC100C00058 /* Project object */;
			proxyType = 1;
			remoteGlobalIDString = 4EE8735B27DFFBC100C00058;
			remoteInfo = SchoolStop;
		};
/* End PBXContainerItemProxy section */

/* Begin PBXFileReference section */
		02C588C4E3778FAA71489DC6 /* Pods-SchoolStop.release.xcconfig */ = {isa = PBXFileReference; includeInIndex = 1; lastKnownFileType = text.xcconfig; name = "Pods-SchoolStop.release.xcconfig"; path = "Target Support Files/Pods-SchoolStop/Pods-SchoolStop.release.xcconfig"; sourceTree = "<group>"; };
		1418C05CAA904A9A6242E628 /* Pods_SchoolStop_SchoolStopUITests.framework */ = {isa = PBXFileReference; explicitFileType = wrapper.framework; includeInIndex = 0; path = Pods_SchoolStop_SchoolStopUITests.framework; sourceTree = BUILT_PRODUCTS_DIR; };
		1E3F3363590CE908A165F6DA /* Pods-SchoolStop-SchoolStopUITests.release.xcconfig */ = {isa = PBXFileReference; includeInIndex = 1; lastKnownFileType = text.xcconfig; name = "Pods-SchoolStop-SchoolStopUITests.release.xcconfig"; path = "Target Support Files/Pods-SchoolStop-SchoolStopUITests/Pods-SchoolStop-SchoolStopUITests.release.xcconfig"; sourceTree = "<group>"; };
		4ED2501427FCB09A002278F1 /* RemindersViewController.swift */ = {isa = PBXFileReference; lastKnownFileType = sourcecode.swift; path = RemindersViewController.swift; sourceTree = "<group>"; };
		4ED8A79E27E0068B00540DA8 /* LoginViewController.swift */ = {isa = PBXFileReference; lastKnownFileType = sourcecode.swift; path = LoginViewController.swift; sourceTree = "<group>"; };
		4EE8735C27DFFBC100C00058 /* SchoolStop.app */ = {isa = PBXFileReference; explicitFileType = wrapper.application; includeInIndex = 0; path = SchoolStop.app; sourceTree = BUILT_PRODUCTS_DIR; };
		4EE8735F27DFFBC100C00058 /* AppDelegate.swift */ = {isa = PBXFileReference; lastKnownFileType = sourcecode.swift; path = AppDelegate.swift; sourceTree = "<group>"; };
		4EE8736127DFFBC100C00058 /* SceneDelegate.swift */ = {isa = PBXFileReference; lastKnownFileType = sourcecode.swift; path = SceneDelegate.swift; sourceTree = "<group>"; };
		4EE8736627DFFBC100C00058 /* Base */ = {isa = PBXFileReference; lastKnownFileType = file.storyboard; name = Base; path = Base.lproj/Main.storyboard; sourceTree = "<group>"; };
		4EE8736827DFFBC400C00058 /* Assets.xcassets */ = {isa = PBXFileReference; lastKnownFileType = folder.assetcatalog; path = Assets.xcassets; sourceTree = "<group>"; };
		4EE8736B27DFFBC400C00058 /* Base */ = {isa = PBXFileReference; lastKnownFileType = file.storyboard; name = Base; path = Base.lproj/LaunchScreen.storyboard; sourceTree = "<group>"; };
		4EE8736D27DFFBC400C00058 /* Info.plist */ = {isa = PBXFileReference; lastKnownFileType = text.plist.xml; path = Info.plist; sourceTree = "<group>"; };
		4EE8737227DFFBC400C00058 /* SchoolStopTests.xctest */ = {isa = PBXFileReference; explicitFileType = wrapper.cfbundle; includeInIndex = 0; path = SchoolStopTests.xctest; sourceTree = BUILT_PRODUCTS_DIR; };
		4EE8737627DFFBC400C00058 /* SchoolStopTests.swift */ = {isa = PBXFileReference; lastKnownFileType = sourcecode.swift; path = SchoolStopTests.swift; sourceTree = "<group>"; };
		4EE8737827DFFBC400C00058 /* Info.plist */ = {isa = PBXFileReference; lastKnownFileType = text.plist.xml; path = Info.plist; sourceTree = "<group>"; };
		4EE8737D27DFFBC400C00058 /* SchoolStopUITests.xctest */ = {isa = PBXFileReference; explicitFileType = wrapper.cfbundle; includeInIndex = 0; path = SchoolStopUITests.xctest; sourceTree = BUILT_PRODUCTS_DIR; };
		4EE8738127DFFBC400C00058 /* SchoolStopUITests.swift */ = {isa = PBXFileReference; lastKnownFileType = sourcecode.swift; path = SchoolStopUITests.swift; sourceTree = "<group>"; };
		4EE8738327DFFBC400C00058 /* Info.plist */ = {isa = PBXFileReference; lastKnownFileType = text.plist.xml; path = Info.plist; sourceTree = "<group>"; };
		52B17E095702DC341A4C3A6D /* Pods_SchoolStopTests.framework */ = {isa = PBXFileReference; explicitFileType = wrapper.framework; includeInIndex = 0; path = Pods_SchoolStopTests.framework; sourceTree = BUILT_PRODUCTS_DIR; };
		6793AF89CA208EAE5E11FE4A /* Pods-SchoolStopTests.debug.xcconfig */ = {isa = PBXFileReference; includeInIndex = 1; lastKnownFileType = text.xcconfig; name = "Pods-SchoolStopTests.debug.xcconfig"; path = "Target Support Files/Pods-SchoolStopTests/Pods-SchoolStopTests.debug.xcconfig"; sourceTree = "<group>"; };
		69F35E82D5DC6354D0563A98 /* Pods_SchoolStop.framework */ = {isa = PBXFileReference; explicitFileType = wrapper.framework; includeInIndex = 0; path = Pods_SchoolStop.framework; sourceTree = BUILT_PRODUCTS_DIR; };
		87F8398B269CFAD31CBD72F5 /* Pods-SchoolStop.debug.xcconfig */ = {isa = PBXFileReference; includeInIndex = 1; lastKnownFileType = text.xcconfig; name = "Pods-SchoolStop.debug.xcconfig"; path = "Target Support Files/Pods-SchoolStop/Pods-SchoolStop.debug.xcconfig"; sourceTree = "<group>"; };
		A20639C19BB69FBE16E677BA /* Pods-SchoolStop-SchoolStopUITests.debug.xcconfig */ = {isa = PBXFileReference; includeInIndex = 1; lastKnownFileType = text.xcconfig; name = "Pods-SchoolStop-SchoolStopUITests.debug.xcconfig"; path = "Target Support Files/Pods-SchoolStop-SchoolStopUITests/Pods-SchoolStop-SchoolStopUITests.debug.xcconfig"; sourceTree = "<group>"; };
		FA53B41479618A3972A9D149 /* Pods-SchoolStopTests.release.xcconfig */ = {isa = PBXFileReference; includeInIndex = 1; lastKnownFileType = text.xcconfig; name = "Pods-SchoolStopTests.release.xcconfig"; path = "Target Support Files/Pods-SchoolStopTests/Pods-SchoolStopTests.release.xcconfig"; sourceTree = "<group>"; };
/* End PBXFileReference section */

/* Begin PBXFrameworksBuildPhase section */
		4EE8735927DFFBC100C00058 /* Frameworks */ = {
			isa = PBXFrameworksBuildPhase;
			buildActionMask = 2147483647;
			files = (
				3A07DE8795528C916A5A720F /* Pods_SchoolStop.framework in Frameworks */,
			);
			runOnlyForDeploymentPostprocessing = 0;
		};
		4EE8736F27DFFBC400C00058 /* Frameworks */ = {
			isa = PBXFrameworksBuildPhase;
			buildActionMask = 2147483647;
			files = (
				F86508BD90E819FD9A67D06B /* Pods_SchoolStopTests.framework in Frameworks */,
			);
			runOnlyForDeploymentPostprocessing = 0;
		};
		4EE8737A27DFFBC400C00058 /* Frameworks */ = {
			isa = PBXFrameworksBuildPhase;
			buildActionMask = 2147483647;
			files = (
				BD1CB0749FF097558BA19181 /* Pods_SchoolStop_SchoolStopUITests.framework in Frameworks */,
			);
			runOnlyForDeploymentPostprocessing = 0;
		};
/* End PBXFrameworksBuildPhase section */

/* Begin PBXGroup section */
		1EA519F4736A0E0AF19D9714 /* Pods */ = {
			isa = PBXGroup;
			children = (
				87F8398B269CFAD31CBD72F5 /* Pods-SchoolStop.debug.xcconfig */,
				02C588C4E3778FAA71489DC6 /* Pods-SchoolStop.release.xcconfig */,
				A20639C19BB69FBE16E677BA /* Pods-SchoolStop-SchoolStopUITests.debug.xcconfig */,
				1E3F3363590CE908A165F6DA /* Pods-SchoolStop-SchoolStopUITests.release.xcconfig */,
				6793AF89CA208EAE5E11FE4A /* Pods-SchoolStopTests.debug.xcconfig */,
				FA53B41479618A3972A9D149 /* Pods-SchoolStopTests.release.xcconfig */,
			);
			path = Pods;
			sourceTree = "<group>";
		};
		4EE8735327DFFBC100C00058 = {
			isa = PBXGroup;
			children = (
				4EE8735E27DFFBC100C00058 /* SchoolStop */,
				4EE8737527DFFBC400C00058 /* SchoolStopTests */,
				4EE8738027DFFBC400C00058 /* SchoolStopUITests */,
				4EE8735D27DFFBC100C00058 /* Products */,
				1EA519F4736A0E0AF19D9714 /* Pods */,
				50AC233816A7DB89FC1E5E2B /* Frameworks */,
			);
			sourceTree = "<group>";
		};
		4EE8735D27DFFBC100C00058 /* Products */ = {
			isa = PBXGroup;
			children = (
				4EE8735C27DFFBC100C00058 /* SchoolStop.app */,
				4EE8737227DFFBC400C00058 /* SchoolStopTests.xctest */,
				4EE8737D27DFFBC400C00058 /* SchoolStopUITests.xctest */,
			);
			name = Products;
			sourceTree = "<group>";
		};
		4EE8735E27DFFBC100C00058 /* SchoolStop */ = {
			isa = PBXGroup;
			children = (
				4EE8735F27DFFBC100C00058 /* AppDelegate.swift */,
				4EE8736127DFFBC100C00058 /* SceneDelegate.swift */,
				4EE8736527DFFBC100C00058 /* Main.storyboard */,
				4ED8A79E27E0068B00540DA8 /* LoginViewController.swift */,
				4EE8736827DFFBC400C00058 /* Assets.xcassets */,
				4EE8736A27DFFBC400C00058 /* LaunchScreen.storyboard */,
				4EE8736D27DFFBC400C00058 /* Info.plist */,
				4ED2501427FCB09A002278F1 /* RemindersViewController.swift */,
			);
			path = SchoolStop;
			sourceTree = "<group>";
		};
		4EE8737527DFFBC400C00058 /* SchoolStopTests */ = {
			isa = PBXGroup;
			children = (
				4EE8737627DFFBC400C00058 /* SchoolStopTests.swift */,
				4EE8737827DFFBC400C00058 /* Info.plist */,
			);
			path = SchoolStopTests;
			sourceTree = "<group>";
		};
		4EE8738027DFFBC400C00058 /* SchoolStopUITests */ = {
			isa = PBXGroup;
			children = (
				4EE8738127DFFBC400C00058 /* SchoolStopUITests.swift */,
				4EE8738327DFFBC400C00058 /* Info.plist */,
			);
			path = SchoolStopUITests;
			sourceTree = "<group>";
		};
		50AC233816A7DB89FC1E5E2B /* Frameworks */ = {
			isa = PBXGroup;
			children = (
				69F35E82D5DC6354D0563A98 /* Pods_SchoolStop.framework */,
				1418C05CAA904A9A6242E628 /* Pods_SchoolStop_SchoolStopUITests.framework */,
				52B17E095702DC341A4C3A6D /* Pods_SchoolStopTests.framework */,
			);
			name = Frameworks;
			sourceTree = "<group>";
		};
/* End PBXGroup section */

/* Begin PBXNativeTarget section */
		4EE8735B27DFFBC100C00058 /* SchoolStop */ = {
			isa = PBXNativeTarget;
			buildConfigurationList = 4EE8738627DFFBC400C00058 /* Build configuration list for PBXNativeTarget "SchoolStop" */;
			buildPhases = (
				75C20D7A609E52423C1649EE /* [CP] Check Pods Manifest.lock */,
				4EE8735827DFFBC100C00058 /* Sources */,
				4EE8735927DFFBC100C00058 /* Frameworks */,
				4EE8735A27DFFBC100C00058 /* Resources */,
				32AE242B2FA6124E6D00CCF8 /* [CP] Embed Pods Frameworks */,
			);
			buildRules = (
			);
			dependencies = (
			);
			name = SchoolStop;
			productName = SchoolStop;
			productReference = 4EE8735C27DFFBC100C00058 /* SchoolStop.app */;
			productType = "com.apple.product-type.application";
		};
		4EE8737127DFFBC400C00058 /* SchoolStopTests */ = {
			isa = PBXNativeTarget;
			buildConfigurationList = 4EE8738927DFFBC400C00058 /* Build configuration list for PBXNativeTarget "SchoolStopTests" */;
			buildPhases = (
				74942CC7FFFC6D06F390D45B /* [CP] Check Pods Manifest.lock */,
				4EE8736E27DFFBC400C00058 /* Sources */,
				4EE8736F27DFFBC400C00058 /* Frameworks */,
				4EE8737027DFFBC400C00058 /* Resources */,
			);
			buildRules = (
			);
			dependencies = (
				4EE8737427DFFBC400C00058 /* PBXTargetDependency */,
			);
			name = SchoolStopTests;
			productName = SchoolStopTests;
			productReference = 4EE8737227DFFBC400C00058 /* SchoolStopTests.xctest */;
			productType = "com.apple.product-type.bundle.unit-test";
		};
		4EE8737C27DFFBC400C00058 /* SchoolStopUITests */ = {
			isa = PBXNativeTarget;
			buildConfigurationList = 4EE8738C27DFFBC400C00058 /* Build configuration list for PBXNativeTarget "SchoolStopUITests" */;
			buildPhases = (
				D34494A0E3B51C354DD5F72F /* [CP] Check Pods Manifest.lock */,
				4EE8737927DFFBC400C00058 /* Sources */,
				4EE8737A27DFFBC400C00058 /* Frameworks */,
				4EE8737B27DFFBC400C00058 /* Resources */,
				C2BE33F5FEEFF3EF1C22F454 /* [CP] Embed Pods Frameworks */,
			);
			buildRules = (
			);
			dependencies = (
				4EE8737F27DFFBC400C00058 /* PBXTargetDependency */,
			);
			name = SchoolStopUITests;
			productName = SchoolStopUITests;
			productReference = 4EE8737D27DFFBC400C00058 /* SchoolStopUITests.xctest */;
			productType = "com.apple.product-type.bundle.ui-testing";
		};
/* End PBXNativeTarget section */

/* Begin PBXProject section */
		4EE8735427DFFBC100C00058 /* Project object */ = {
			isa = PBXProject;
			attributes = {
				LastSwiftUpdateCheck = 1250;
				LastUpgradeCheck = 1250;
				TargetAttributes = {
					4EE8735B27DFFBC100C00058 = {
						CreatedOnToolsVersion = 12.5.1;
					};
					4EE8737127DFFBC400C00058 = {
						CreatedOnToolsVersion = 12.5.1;
						TestTargetID = 4EE8735B27DFFBC100C00058;
					};
					4EE8737C27DFFBC400C00058 = {
						CreatedOnToolsVersion = 12.5.1;
						TestTargetID = 4EE8735B27DFFBC100C00058;
					};
				};
			};
			buildConfigurationList = 4EE8735727DFFBC100C00058 /* Build configuration list for PBXProject "SchoolStop" */;
			compatibilityVersion = "Xcode 9.3";
			developmentRegion = en;
			hasScannedForEncodings = 0;
			knownRegions = (
				en,
				Base,
			);
			mainGroup = 4EE8735327DFFBC100C00058;
			productRefGroup = 4EE8735D27DFFBC100C00058 /* Products */;
			projectDirPath = "";
			projectRoot = "";
			targets = (
				4EE8735B27DFFBC100C00058 /* SchoolStop */,
				4EE8737127DFFBC400C00058 /* SchoolStopTests */,
				4EE8737C27DFFBC400C00058 /* SchoolStopUITests */,
			);
		};
/* End PBXProject section */

/* Begin PBXResourcesBuildPhase section */
		4EE8735A27DFFBC100C00058 /* Resources */ = {
			isa = PBXResourcesBuildPhase;
			buildActionMask = 2147483647;
			files = (
				4EE8736C27DFFBC400C00058 /* LaunchScreen.storyboard in Resources */,
				4EE8736927DFFBC400C00058 /* Assets.xcassets in Resources */,
				4EE8736727DFFBC100C00058 /* Main.storyboard in Resources */,
			);
			runOnlyForDeploymentPostprocessing = 0;
		};
		4EE8737027DFFBC400C00058 /* Resources */ = {
			isa = PBXResourcesBuildPhase;
			buildActionMask = 2147483647;
			files = (
			);
			runOnlyForDeploymentPostprocessing = 0;
		};
		4EE8737B27DFFBC400C00058 /* Resources */ = {
			isa = PBXResourcesBuildPhase;
			buildActionMask = 2147483647;
			files = (
			);
			runOnlyForDeploymentPostprocessing = 0;
		};
/* End PBXResourcesBuildPhase section */

/* Begin PBXShellScriptBuildPhase section */
		32AE242B2FA6124E6D00CCF8 /* [CP] Embed Pods Frameworks */ = {
			isa = PBXShellScriptBuildPhase;
			buildActionMask = 2147483647;
			files = (
			);
			inputFileListPaths = (
				"${PODS_ROOT}/Target Support Files/Pods-SchoolStop/Pods-SchoolStop-frameworks-${CONFIGURATION}-input-files.xcfilelist",
			);
			name = "[CP] Embed Pods Frameworks";
			outputFileListPaths = (
				"${PODS_ROOT}/Target Support Files/Pods-SchoolStop/Pods-SchoolStop-frameworks-${CONFIGURATION}-output-files.xcfilelist",
			);
			runOnlyForDeploymentPostprocessing = 0;
			shellPath = /bin/sh;
			shellScript = "\"${PODS_ROOT}/Target Support Files/Pods-SchoolStop/Pods-SchoolStop-frameworks.sh\"\n";
			showEnvVarsInLog = 0;
		};
		74942CC7FFFC6D06F390D45B /* [CP] Check Pods Manifest.lock */ = {
			isa = PBXShellScriptBuildPhase;
			buildActionMask = 2147483647;
			files = (
			);
			inputFileListPaths = (
			);
			inputPaths = (
				"${PODS_PODFILE_DIR_PATH}/Podfile.lock",
				"${PODS_ROOT}/Manifest.lock",
			);
			name = "[CP] Check Pods Manifest.lock";
			outputFileListPaths = (
			);
			outputPaths = (
				"$(DERIVED_FILE_DIR)/Pods-SchoolStopTests-checkManifestLockResult.txt",
			);
			runOnlyForDeploymentPostprocessing = 0;
			shellPath = /bin/sh;
			shellScript = "diff \"${PODS_PODFILE_DIR_PATH}/Podfile.lock\" \"${PODS_ROOT}/Manifest.lock\" > /dev/null\nif [ $? != 0 ] ; then\n    # print error to STDERR\n    echo \"error: The sandbox is not in sync with the Podfile.lock. Run 'pod install' or update your CocoaPods installation.\" >&2\n    exit 1\nfi\n# This output is used by Xcode 'outputs' to avoid re-running this script phase.\necho \"SUCCESS\" > \"${SCRIPT_OUTPUT_FILE_0}\"\n";
			showEnvVarsInLog = 0;
		};
		75C20D7A609E52423C1649EE /* [CP] Check Pods Manifest.lock */ = {
			isa = PBXShellScriptBuildPhase;
			buildActionMask = 2147483647;
			files = (
			);
			inputFileListPaths = (
			);
			inputPaths = (
				"${PODS_PODFILE_DIR_PATH}/Podfile.lock",
				"${PODS_ROOT}/Manifest.lock",
			);
			name = "[CP] Check Pods Manifest.lock";
			outputFileListPaths = (
			);
			outputPaths = (
				"$(DERIVED_FILE_DIR)/Pods-SchoolStop-checkManifestLockResult.txt",
			);
			runOnlyForDeploymentPostprocessing = 0;
			shellPath = /bin/sh;
			shellScript = "diff \"${PODS_PODFILE_DIR_PATH}/Podfile.lock\" \"${PODS_ROOT}/Manifest.lock\" > /dev/null\nif [ $? != 0 ] ; then\n    # print error to STDERR\n    echo \"error: The sandbox is not in sync with the Podfile.lock. Run 'pod install' or update your CocoaPods installation.\" >&2\n    exit 1\nfi\n# This output is used by Xcode 'outputs' to avoid re-running this script phase.\necho \"SUCCESS\" > \"${SCRIPT_OUTPUT_FILE_0}\"\n";
			showEnvVarsInLog = 0;
		};
		C2BE33F5FEEFF3EF1C22F454 /* [CP] Embed Pods Frameworks */ = {
			isa = PBXShellScriptBuildPhase;
			buildActionMask = 2147483647;
			files = (
			);
			inputFileListPaths = (
				"${PODS_ROOT}/Target Support Files/Pods-SchoolStop-SchoolStopUITests/Pods-SchoolStop-SchoolStopUITests-frameworks-${CONFIGURATION}-input-files.xcfilelist",
			);
			name = "[CP] Embed Pods Frameworks";
			outputFileListPaths = (
				"${PODS_ROOT}/Target Support Files/Pods-SchoolStop-SchoolStopUITests/Pods-SchoolStop-SchoolStopUITests-frameworks-${CONFIGURATION}-output-files.xcfilelist",
			);
			runOnlyForDeploymentPostprocessing = 0;
			shellPath = /bin/sh;
			shellScript = "\"${PODS_ROOT}/Target Support Files/Pods-SchoolStop-SchoolStopUITests/Pods-SchoolStop-SchoolStopUITests-frameworks.sh\"\n";
			showEnvVarsInLog = 0;
		};
		D34494A0E3B51C354DD5F72F /* [CP] Check Pods Manifest.lock */ = {
			isa = PBXShellScriptBuildPhase;
			buildActionMask = 2147483647;
			files = (
			);
			inputFileListPaths = (
			);
			inputPaths = (
				"${PODS_PODFILE_DIR_PATH}/Podfile.lock",
				"${PODS_ROOT}/Manifest.lock",
			);
			name = "[CP] Check Pods Manifest.lock";
			outputFileListPaths = (
			);
			outputPaths = (
				"$(DERIVED_FILE_DIR)/Pods-SchoolStop-SchoolStopUITests-checkManifestLockResult.txt",
			);
			runOnlyForDeploymentPostprocessing = 0;
			shellPath = /bin/sh;
			shellScript = "diff \"${PODS_PODFILE_DIR_PATH}/Podfile.lock\" \"${PODS_ROOT}/Manifest.lock\" > /dev/null\nif [ $? != 0 ] ; then\n    # print error to STDERR\n    echo \"error: The sandbox is not in sync with the Podfile.lock. Run 'pod install' or update your CocoaPods installation.\" >&2\n    exit 1\nfi\n# This output is used by Xcode 'outputs' to avoid re-running this script phase.\necho \"SUCCESS\" > \"${SCRIPT_OUTPUT_FILE_0}\"\n";
			showEnvVarsInLog = 0;
		};
/* End PBXShellScriptBuildPhase section */

/* Begin PBXSourcesBuildPhase section */
		4EE8735827DFFBC100C00058 /* Sources */ = {
			isa = PBXSourcesBuildPhase;
			buildActionMask = 2147483647;
			files = (
				4ED2501527FCB09A002278F1 /* RemindersViewController.swift in Sources */,
				4ED8A79F27E0068B00540DA8 /* LoginViewController.swift in Sources */,
				4EE8736027DFFBC100C00058 /* AppDelegate.swift in Sources */,
				4EE8736227DFFBC100C00058 /* SceneDelegate.swift in Sources */,
			);
			runOnlyForDeploymentPostprocessing = 0;
		};
		4EE8736E27DFFBC400C00058 /* Sources */ = {
			isa = PBXSourcesBuildPhase;
			buildActionMask = 2147483647;
			files = (
				4EE8737727DFFBC400C00058 /* SchoolStopTests.swift in Sources */,
			);
			runOnlyForDeploymentPostprocessing = 0;
		};
		4EE8737927DFFBC400C00058 /* Sources */ = {
			isa = PBXSourcesBuildPhase;
			buildActionMask = 2147483647;
			files = (
				4EE8738227DFFBC400C00058 /* SchoolStopUITests.swift in Sources */,
			);
			runOnlyForDeploymentPostprocessing = 0;
		};
/* End PBXSourcesBuildPhase section */

/* Begin PBXTargetDependency section */
		4EE8737427DFFBC400C00058 /* PBXTargetDependency */ = {
			isa = PBXTargetDependency;
			target = 4EE8735B27DFFBC100C00058 /* SchoolStop */;
			targetProxy = 4EE8737327DFFBC400C00058 /* PBXContainerItemProxy */;
		};
		4EE8737F27DFFBC400C00058 /* PBXTargetDependency */ = {
			isa = PBXTargetDependency;
			target = 4EE8735B27DFFBC100C00058 /* SchoolStop */;
			targetProxy = 4EE8737E27DFFBC400C00058 /* PBXContainerItemProxy */;
		};
/* End PBXTargetDependency section */

/* Begin PBXVariantGroup section */
		4EE8736527DFFBC100C00058 /* Main.storyboard */ = {
			isa = PBXVariantGroup;
			children = (
				4EE8736627DFFBC100C00058 /* Base */,
			);
			name = Main.storyboard;
			sourceTree = "<group>";
		};
		4EE8736A27DFFBC400C00058 /* LaunchScreen.storyboard */ = {
			isa = PBXVariantGroup;
			children = (
				4EE8736B27DFFBC400C00058 /* Base */,
			);
			name = LaunchScreen.storyboard;
			sourceTree = "<group>";
		};
/* End PBXVariantGroup section */

/* Begin XCBuildConfiguration section */
		4EE8738427DFFBC400C00058 /* Debug */ = {
			isa = XCBuildConfiguration;
			buildSettings = {
				ALWAYS_SEARCH_USER_PATHS = NO;
				CLANG_ANALYZER_NONNULL = YES;
				CLANG_ANALYZER_NUMBER_OBJECT_CONVERSION = YES_AGGRESSIVE;
				CLANG_CXX_LANGUAGE_STANDARD = "gnu++14";
				CLANG_CXX_LIBRARY = "libc++";
				CLANG_ENABLE_MODULES = YES;
				CLANG_ENABLE_OBJC_ARC = YES;
				CLANG_ENABLE_OBJC_WEAK = YES;
				CLANG_WARN_BLOCK_CAPTURE_AUTORELEASING = YES;
				CLANG_WARN_BOOL_CONVERSION = YES;
				CLANG_WARN_COMMA = YES;
				CLANG_WARN_CONSTANT_CONVERSION = YES;
				CLANG_WARN_DEPRECATED_OBJC_IMPLEMENTATIONS = YES;
				CLANG_WARN_DIRECT_OBJC_ISA_USAGE = YES_ERROR;
				CLANG_WARN_DOCUMENTATION_COMMENTS = YES;
				CLANG_WARN_EMPTY_BODY = YES;
				CLANG_WARN_ENUM_CONVERSION = YES;
				CLANG_WARN_INFINITE_RECURSION = YES;
				CLANG_WARN_INT_CONVERSION = YES;
				CLANG_WARN_NON_LITERAL_NULL_CONVERSION = YES;
				CLANG_WARN_OBJC_IMPLICIT_RETAIN_SELF = YES;
				CLANG_WARN_OBJC_LITERAL_CONVERSION = YES;
				CLANG_WARN_OBJC_ROOT_CLASS = YES_ERROR;
				CLANG_WARN_QUOTED_INCLUDE_IN_FRAMEWORK_HEADER = YES;
				CLANG_WARN_RANGE_LOOP_ANALYSIS = YES;
				CLANG_WARN_STRICT_PROTOTYPES = YES;
				CLANG_WARN_SUSPICIOUS_MOVE = YES;
				CLANG_WARN_UNGUARDED_AVAILABILITY = YES_AGGRESSIVE;
				CLANG_WARN_UNREACHABLE_CODE = YES;
				CLANG_WARN__DUPLICATE_METHOD_MATCH = YES;
				COPY_PHASE_STRIP = NO;
				DEBUG_INFORMATION_FORMAT = dwarf;
				ENABLE_STRICT_OBJC_MSGSEND = YES;
				ENABLE_TESTABILITY = YES;
				GCC_C_LANGUAGE_STANDARD = gnu11;
				GCC_DYNAMIC_NO_PIC = NO;
				GCC_NO_COMMON_BLOCKS = YES;
				GCC_OPTIMIZATION_LEVEL = 0;
				GCC_PREPROCESSOR_DEFINITIONS = (
					"DEBUG=1",
					"$(inherited)",
				);
				GCC_WARN_64_TO_32_BIT_CONVERSION = YES;
				GCC_WARN_ABOUT_RETURN_TYPE = YES_ERROR;
				GCC_WARN_UNDECLARED_SELECTOR = YES;
				GCC_WARN_UNINITIALIZED_AUTOS = YES_AGGRESSIVE;
				GCC_WARN_UNUSED_FUNCTION = YES;
				GCC_WARN_UNUSED_VARIABLE = YES;
				IPHONEOS_DEPLOYMENT_TARGET = 14.5;
				MTL_ENABLE_DEBUG_INFO = INCLUDE_SOURCE;
				MTL_FAST_MATH = YES;
				ONLY_ACTIVE_ARCH = YES;
				SDKROOT = iphoneos;
				SWIFT_ACTIVE_COMPILATION_CONDITIONS = DEBUG;
				SWIFT_OPTIMIZATION_LEVEL = "-Onone";
			};
			name = Debug;
		};
		4EE8738527DFFBC400C00058 /* Release */ = {
			isa = XCBuildConfiguration;
			buildSettings = {
				ALWAYS_SEARCH_USER_PATHS = NO;
				CLANG_ANALYZER_NONNULL = YES;
				CLANG_ANALYZER_NUMBER_OBJECT_CONVERSION = YES_AGGRESSIVE;
				CLANG_CXX_LANGUAGE_STANDARD = "gnu++14";
				CLANG_CXX_LIBRARY = "libc++";
				CLANG_ENABLE_MODULES = YES;
				CLANG_ENABLE_OBJC_ARC = YES;
				CLANG_ENABLE_OBJC_WEAK = YES;
				CLANG_WARN_BLOCK_CAPTURE_AUTORELEASING = YES;
				CLANG_WARN_BOOL_CONVERSION = YES;
				CLANG_WARN_COMMA = YES;
				CLANG_WARN_CONSTANT_CONVERSION = YES;
				CLANG_WARN_DEPRECATED_OBJC_IMPLEMENTATIONS = YES;
				CLANG_WARN_DIRECT_OBJC_ISA_USAGE = YES_ERROR;
				CLANG_WARN_DOCUMENTATION_COMMENTS = YES;
				CLANG_WARN_EMPTY_BODY = YES;
				CLANG_WARN_ENUM_CONVERSION = YES;
				CLANG_WARN_INFINITE_RECURSION = YES;
				CLANG_WARN_INT_CONVERSION = YES;
				CLANG_WARN_NON_LITERAL_NULL_CONVERSION = YES;
				CLANG_WARN_OBJC_IMPLICIT_RETAIN_SELF = YES;
				CLANG_WARN_OBJC_LITERAL_CONVERSION = YES;
				CLANG_WARN_OBJC_ROOT_CLASS = YES_ERROR;
				CLANG_WARN_QUOTED_INCLUDE_IN_FRAMEWORK_HEADER = YES;
				CLANG_WARN_RANGE_LOOP_ANALYSIS = YES;
				CLANG_WARN_STRICT_PROTOTYPES = YES;
				CLANG_WARN_SUSPICIOUS_MOVE = YES;
				CLANG_WARN_UNGUARDED_AVAILABILITY = YES_AGGRESSIVE;
				CLANG_WARN_UNREACHABLE_CODE = YES;
				CLANG_WARN__DUPLICATE_METHOD_MATCH = YES;
				COPY_PHASE_STRIP = NO;
				DEBUG_INFORMATION_FORMAT = "dwarf-with-dsym";
				ENABLE_NS_ASSERTIONS = NO;
				ENABLE_STRICT_OBJC_MSGSEND = YES;
				GCC_C_LANGUAGE_STANDARD = gnu11;
				GCC_NO_COMMON_BLOCKS = YES;
				GCC_WARN_64_TO_32_BIT_CONVERSION = YES;
				GCC_WARN_ABOUT_RETURN_TYPE = YES_ERROR;
				GCC_WARN_UNDECLARED_SELECTOR = YES;
				GCC_WARN_UNINITIALIZED_AUTOS = YES_AGGRESSIVE;
				GCC_WARN_UNUSED_FUNCTION = YES;
				GCC_WARN_UNUSED_VARIABLE = YES;
				IPHONEOS_DEPLOYMENT_TARGET = 14.5;
				MTL_ENABLE_DEBUG_INFO = NO;
				MTL_FAST_MATH = YES;
				SDKROOT = iphoneos;
				SWIFT_COMPILATION_MODE = wholemodule;
				SWIFT_OPTIMIZATION_LEVEL = "-O";
				VALIDATE_PRODUCT = YES;
			};
			name = Release;
		};
		4EE8738727DFFBC400C00058 /* Debug */ = {
			isa = XCBuildConfiguration;
			baseConfigurationReference = 87F8398B269CFAD31CBD72F5 /* Pods-SchoolStop.debug.xcconfig */;
			buildSettings = {
				ASSETCATALOG_COMPILER_APPICON_NAME = AppIcon;
				ASSETCATALOG_COMPILER_GLOBAL_ACCENT_COLOR_NAME = AccentColor;
				CODE_SIGN_STYLE = Automatic;
				DEVELOPMENT_TEAM = 3AVWF7PNV6;
				INFOPLIST_FILE = SchoolStop/Info.plist;
				LD_RUNPATH_SEARCH_PATHS = (
					"$(inherited)",
					"@executable_path/Frameworks",
				);
				PRODUCT_BUNDLE_IDENTIFIER = com.lorenzo.miro.sd.SchoolStop;
				PRODUCT_NAME = "$(TARGET_NAME)";
				SWIFT_VERSION = 5.0;
				TARGETED_DEVICE_FAMILY = "1,2";
			};
			name = Debug;
		};
		4EE8738827DFFBC400C00058 /* Release */ = {
			isa = XCBuildConfiguration;
			baseConfigurationReference = 02C588C4E3778FAA71489DC6 /* Pods-SchoolStop.release.xcconfig */;
			buildSettings = {
				ASSETCATALOG_COMPILER_APPICON_NAME = AppIcon;
				ASSETCATALOG_COMPILER_GLOBAL_ACCENT_COLOR_NAME = AccentColor;
				CODE_SIGN_STYLE = Automatic;
				DEVELOPMENT_TEAM = 3AVWF7PNV6;
				INFOPLIST_FILE = SchoolStop/Info.plist;
				LD_RUNPATH_SEARCH_PATHS = (
					"$(inherited)",
					"@executable_path/Frameworks",
				);
				PRODUCT_BUNDLE_IDENTIFIER = com.lorenzo.miro.sd.SchoolStop;
				PRODUCT_NAME = "$(TARGET_NAME)";
				SWIFT_VERSION = 5.0;
				TARGETED_DEVICE_FAMILY = "1,2";
			};
			name = Release;
		};
		4EE8738A27DFFBC400C00058 /* Debug */ = {
			isa = XCBuildConfiguration;
			baseConfigurationReference = 6793AF89CA208EAE5E11FE4A /* Pods-SchoolStopTests.debug.xcconfig */;
			buildSettings = {
				ALWAYS_EMBED_SWIFT_STANDARD_LIBRARIES = YES;
				BUNDLE_LOADER = "$(TEST_HOST)";
				CODE_SIGN_STYLE = Automatic;
				DEVELOPMENT_TEAM = 3AVWF7PNV6;
				INFOPLIST_FILE = SchoolStopTests/Info.plist;
				IPHONEOS_DEPLOYMENT_TARGET = 14.5;
				LD_RUNPATH_SEARCH_PATHS = (
					"$(inherited)",
					"@executable_path/Frameworks",
					"@loader_path/Frameworks",
				);
				PRODUCT_BUNDLE_IDENTIFIER = com.lorenzo.miro.sd.SchoolStopTests;
				PRODUCT_NAME = "$(TARGET_NAME)";
				SWIFT_VERSION = 5.0;
				TARGETED_DEVICE_FAMILY = "1,2";
				TEST_HOST = "$(BUILT_PRODUCTS_DIR)/SchoolStop.app/SchoolStop";
			};
			name = Debug;
		};
		4EE8738B27DFFBC400C00058 /* Release */ = {
			isa = XCBuildConfiguration;
			baseConfigurationReference = FA53B41479618A3972A9D149 /* Pods-SchoolStopTests.release.xcconfig */;
			buildSettings = {
				ALWAYS_EMBED_SWIFT_STANDARD_LIBRARIES = YES;
				BUNDLE_LOADER = "$(TEST_HOST)";
				CODE_SIGN_STYLE = Automatic;
				DEVELOPMENT_TEAM = 3AVWF7PNV6;
				INFOPLIST_FILE = SchoolStopTests/Info.plist;
				IPHONEOS_DEPLOYMENT_TARGET = 14.5;
				LD_RUNPATH_SEARCH_PATHS = (
					"$(inherited)",
					"@executable_path/Frameworks",
					"@loader_path/Frameworks",
				);
				PRODUCT_BUNDLE_IDENTIFIER = com.lorenzo.miro.sd.SchoolStopTests;
				PRODUCT_NAME = "$(TARGET_NAME)";
				SWIFT_VERSION = 5.0;
				TARGETED_DEVICE_FAMILY = "1,2";
				TEST_HOST = "$(BUILT_PRODUCTS_DIR)/SchoolStop.app/SchoolStop";
			};
			name = Release;
		};
		4EE8738D27DFFBC400C00058 /* Debug */ = {
			isa = XCBuildConfiguration;
			baseConfigurationReference = A20639C19BB69FBE16E677BA /* Pods-SchoolStop-SchoolStopUITests.debug.xcconfig */;
			buildSettings = {
				ALWAYS_EMBED_SWIFT_STANDARD_LIBRARIES = YES;
				CODE_SIGN_STYLE = Automatic;
				DEVELOPMENT_TEAM = 3AVWF7PNV6;
				INFOPLIST_FILE = SchoolStopUITests/Info.plist;
				LD_RUNPATH_SEARCH_PATHS = (
					"$(inherited)",
					"@executable_path/Frameworks",
					"@loader_path/Frameworks",
				);
				PRODUCT_BUNDLE_IDENTIFIER = com.lorenzo.miro.sd.SchoolStopUITests;
				PRODUCT_NAME = "$(TARGET_NAME)";
				SWIFT_VERSION = 5.0;
				TARGETED_DEVICE_FAMILY = "1,2";
				TEST_TARGET_NAME = SchoolStop;
			};
			name = Debug;
		};
		4EE8738E27DFFBC400C00058 /* Release */ = {
			isa = XCBuildConfiguration;
			baseConfigurationReference = 1E3F3363590CE908A165F6DA /* Pods-SchoolStop-SchoolStopUITests.release.xcconfig */;
			buildSettings = {
				ALWAYS_EMBED_SWIFT_STANDARD_LIBRARIES = YES;
				CODE_SIGN_STYLE = Automatic;
				DEVELOPMENT_TEAM = 3AVWF7PNV6;
				INFOPLIST_FILE = SchoolStopUITests/Info.plist;
				LD_RUNPATH_SEARCH_PATHS = (
					"$(inherited)",
					"@executable_path/Frameworks",
					"@loader_path/Frameworks",
				);
				PRODUCT_BUNDLE_IDENTIFIER = com.lorenzo.miro.sd.SchoolStopUITests;
				PRODUCT_NAME = "$(TARGET_NAME)";
				SWIFT_VERSION = 5.0;
				TARGETED_DEVICE_FAMILY = "1,2";
				TEST_TARGET_NAME = SchoolStop;
			};
			name = Release;
		};
/* End XCBuildConfiguration section */

/* Begin XCConfigurationList section */
		4EE8735727DFFBC100C00058 /* Build configuration list for PBXProject "SchoolStop" */ = {
			isa = XCConfigurationList;
			buildConfigurations = (
				4EE8738427DFFBC400C00058 /* Debug */,
				4EE8738527DFFBC400C00058 /* Release */,
			);
			defaultConfigurationIsVisible = 0;
			defaultConfigurationName = Release;
		};
		4EE8738627DFFBC400C00058 /* Build configuration list for PBXNativeTarget "SchoolStop" */ = {
			isa = XCConfigurationList;
			buildConfigurations = (
				4EE8738727DFFBC400C00058 /* Debug */,
				4EE8738827DFFBC400C00058 /* Release */,
			);
			defaultConfigurationIsVisible = 0;
			defaultConfigurationName = Release;
		};
		4EE8738927DFFBC400C00058 /* Build configuration list for PBXNativeTarget "SchoolStopTests" */ = {
			isa = XCConfigurationList;
			buildConfigurations = (
				4EE8738A27DFFBC400C00058 /* Debug */,
				4EE8738B27DFFBC400C00058 /* Release */,
			);
			defaultConfigurationIsVisible = 0;
			defaultConfigurationName = Release;
		};
		4EE8738C27DFFBC400C00058 /* Build configuration list for PBXNativeTarget "SchoolStopUITests" */ = {
			isa = XCConfigurationList;
			buildConfigurations = (
				4EE8738D27DFFBC400C00058 /* Debug */,
				4EE8738E27DFFBC400C00058 /* Release */,
			);
			defaultConfigurationIsVisible = 0;
			defaultConfigurationName = Release;
		};
/* End XCConfigurationList section */
	};
	rootObject = 4EE8735427DFFBC100C00058 /* Project object */;
}
